// !$*UTF8*$!
{
	archiveVersion = 1;
	classes = {
	};
	objectVersion = 46;
	objects = {

/* Begin PBXBuildFile section */
		080293AE1C17F2DD00D75277 /* AppDelegate.swift in Sources */ = {isa = PBXBuildFile; fileRef = 080293AD1C17F2DD00D75277 /* AppDelegate.swift */; };
		080293B01C17F2DD00D75277 /* ViewController.swift in Sources */ = {isa = PBXBuildFile; fileRef = 080293AF1C17F2DD00D75277 /* ViewController.swift */; };
		080293B31C17F2DD00D75277 /* Main.storyboard in Resources */ = {isa = PBXBuildFile; fileRef = 080293B11C17F2DD00D75277 /* Main.storyboard */; };
		080293B51C17F2DD00D75277 /* Assets.xcassets in Resources */ = {isa = PBXBuildFile; fileRef = 080293B41C17F2DD00D75277 /* Assets.xcassets */; };
		080293B81C17F2DD00D75277 /* LaunchScreen.storyboard in Resources */ = {isa = PBXBuildFile; fileRef = 080293B61C17F2DD00D75277 /* LaunchScreen.storyboard */; };
		080293C31C17F2DD00D75277 /* BleChatAdvanceTests.swift in Sources */ = {isa = PBXBuildFile; fileRef = 080293C21C17F2DD00D75277 /* BleChatAdvanceTests.swift */; };
		080293CE1C17F2DD00D75277 /* BleChatAdvanceUITests.swift in Sources */ = {isa = PBXBuildFile; fileRef = 080293CD1C17F2DD00D75277 /* BleChatAdvanceUITests.swift */; };
		0830A6811F6B5E7C00058FBD /* BleFormatter.framework in Frameworks */ = {isa = PBXBuildFile; fileRef = 0830A6801F6B5E7C00058FBD /* BleFormatter.framework */; };
		0830A6831F6B5ECD00058FBD /* BleFormatter.framework in Embed Frameworks */ = {isa = PBXBuildFile; fileRef = 0830A6801F6B5E7C00058FBD /* BleFormatter.framework */; settings = {ATTRIBUTES = (CodeSignOnCopy, RemoveHeadersOnCopy, ); }; };
		0847D3E81C22A34300F1B0C7 /* TalkCell.swift in Sources */ = {isa = PBXBuildFile; fileRef = 0847D3E71C22A34300F1B0C7 /* TalkCell.swift */; };
/* End PBXBuildFile section */

/* Begin PBXContainerItemProxy section */
		080293BF1C17F2DD00D75277 /* PBXContainerItemProxy */ = {
			isa = PBXContainerItemProxy;
			containerPortal = 080293A21C17F2DD00D75277 /* Project object */;
			proxyType = 1;
			remoteGlobalIDString = 080293A91C17F2DD00D75277;
			remoteInfo = BleChatAdvance;
		};
		080293CA1C17F2DD00D75277 /* PBXContainerItemProxy */ = {
			isa = PBXContainerItemProxy;
			containerPortal = 080293A21C17F2DD00D75277 /* Project object */;
			proxyType = 1;
			remoteGlobalIDString = 080293A91C17F2DD00D75277;
			remoteInfo = BleChatAdvance;
		};
/* End PBXContainerItemProxy section */

/* Begin PBXCopyFilesBuildPhase section */
		08025D011E0B69EB002A1E89 /* Embed Frameworks */ = {
			isa = PBXCopyFilesBuildPhase;
			buildActionMask = 2147483647;
			dstPath = "";
			dstSubfolderSpec = 10;
			files = (
				0830A6831F6B5ECD00058FBD /* BleFormatter.framework in Embed Frameworks */,
			);
			name = "Embed Frameworks";
			runOnlyForDeploymentPostprocessing = 0;
		};
/* End PBXCopyFilesBuildPhase section */

/* Begin PBXFileReference section */
		080293AA1C17F2DD00D75277 /* BleChatAdvance.app */ = {isa = PBXFileReference; explicitFileType = wrapper.application; includeInIndex = 0; path = BleChatAdvance.app; sourceTree = BUILT_PRODUCTS_DIR; };
		080293AD1C17F2DD00D75277 /* AppDelegate.swift */ = {isa = PBXFileReference; lastKnownFileType = sourcecode.swift; path = AppDelegate.swift; sourceTree = "<group>"; };
		080293AF1C17F2DD00D75277 /* ViewController.swift */ = {isa = PBXFileReference; lastKnownFileType = sourcecode.swift; path = ViewController.swift; sourceTree = "<group>"; };
		080293B21C17F2DD00D75277 /* Base */ = {isa = PBXFileReference; lastKnownFileType = file.storyboard; name = Base; path = Base.lproj/Main.storyboard; sourceTree = "<group>"; };
		080293B41C17F2DD00D75277 /* Assets.xcassets */ = {isa = PBXFileReference; lastKnownFileType = folder.assetcatalog; path = Assets.xcassets; sourceTree = "<group>"; };
		080293B71C17F2DD00D75277 /* Base */ = {isa = PBXFileReference; lastKnownFileType = file.storyboard; name = Base; path = Base.lproj/LaunchScreen.storyboard; sourceTree = "<group>"; };
		080293B91C17F2DD00D75277 /* Info.plist */ = {isa = PBXFileReference; lastKnownFileType = text.plist.xml; path = Info.plist; sourceTree = "<group>"; };
		080293BE1C17F2DD00D75277 /* BleChatAdvanceTests.xctest */ = {isa = PBXFileReference; explicitFileType = wrapper.cfbundle; includeInIndex = 0; path = BleChatAdvanceTests.xctest; sourceTree = BUILT_PRODUCTS_DIR; };
		080293C21C17F2DD00D75277 /* BleChatAdvanceTests.swift */ = {isa = PBXFileReference; lastKnownFileType = sourcecode.swift; path = BleChatAdvanceTests.swift; sourceTree = "<group>"; };
		080293C41C17F2DD00D75277 /* Info.plist */ = {isa = PBXFileReference; lastKnownFileType = text.plist.xml; path = Info.plist; sourceTree = "<group>"; };
		080293C91C17F2DD00D75277 /* BleChatAdvanceUITests.xctest */ = {isa = PBXFileReference; explicitFileType = wrapper.cfbundle; includeInIndex = 0; path = BleChatAdvanceUITests.xctest; sourceTree = BUILT_PRODUCTS_DIR; };
		080293CD1C17F2DD00D75277 /* BleChatAdvanceUITests.swift */ = {isa = PBXFileReference; lastKnownFileType = sourcecode.swift; path = BleChatAdvanceUITests.swift; sourceTree = "<group>"; };
		080293CF1C17F2DD00D75277 /* Info.plist */ = {isa = PBXFileReference; lastKnownFileType = text.plist.xml; path = Info.plist; sourceTree = "<group>"; };
		0830A6801F6B5E7C00058FBD /* BleFormatter.framework */ = {isa = PBXFileReference; lastKnownFileType = wrapper.framework; path = BleFormatter.framework; sourceTree = "<group>"; };
		0847D3E71C22A34300F1B0C7 /* TalkCell.swift */ = {isa = PBXFileReference; fileEncoding = 4; lastKnownFileType = sourcecode.swift; path = TalkCell.swift; sourceTree = "<group>"; };
/* End PBXFileReference section */

/* Begin PBXFrameworksBuildPhase section */
		080293A71C17F2DD00D75277 /* Frameworks */ = {
			isa = PBXFrameworksBuildPhase;
			buildActionMask = 2147483647;
			files = (
				0830A6811F6B5E7C00058FBD /* BleFormatter.framework in Frameworks */,
			);
			runOnlyForDeploymentPostprocessing = 0;
		};
		080293BB1C17F2DD00D75277 /* Frameworks */ = {
			isa = PBXFrameworksBuildPhase;
			buildActionMask = 2147483647;
			files = (
			);
			runOnlyForDeploymentPostprocessing = 0;
		};
		080293C61C17F2DD00D75277 /* Frameworks */ = {
			isa = PBXFrameworksBuildPhase;
			buildActionMask = 2147483647;
			files = (
			);
			runOnlyForDeploymentPostprocessing = 0;
		};
/* End PBXFrameworksBuildPhase section */

/* Begin PBXGroup section */
		08025CF31E0B69A0002A1E89 /* Frameworks */ = {
			isa = PBXGroup;
			children = (
				0830A6801F6B5E7C00058FBD /* BleFormatter.framework */,
			);
			name = Frameworks;
			sourceTree = "<group>";
		};
		080293A11C17F2DD00D75277 = {
			isa = PBXGroup;
			children = (
				080293AC1C17F2DD00D75277 /* BleChatAdvance */,
				080293C11C17F2DD00D75277 /* BleChatAdvanceTests */,
				080293CC1C17F2DD00D75277 /* BleChatAdvanceUITests */,
				080293AB1C17F2DD00D75277 /* Products */,
				08025CF31E0B69A0002A1E89 /* Frameworks */,
			);
			sourceTree = "<group>";
		};
		080293AB1C17F2DD00D75277 /* Products */ = {
			isa = PBXGroup;
			children = (
				080293AA1C17F2DD00D75277 /* BleChatAdvance.app */,
				080293BE1C17F2DD00D75277 /* BleChatAdvanceTests.xctest */,
				080293C91C17F2DD00D75277 /* BleChatAdvanceUITests.xctest */,
			);
			name = Products;
			sourceTree = "<group>";
		};
		080293AC1C17F2DD00D75277 /* BleChatAdvance */ = {
			isa = PBXGroup;
			children = (
				080293AD1C17F2DD00D75277 /* AppDelegate.swift */,
				080293AF1C17F2DD00D75277 /* ViewController.swift */,
				080293B11C17F2DD00D75277 /* Main.storyboard */,
				080293B41C17F2DD00D75277 /* Assets.xcassets */,
				080293B61C17F2DD00D75277 /* LaunchScreen.storyboard */,
				080293B91C17F2DD00D75277 /* Info.plist */,
				0847D3E71C22A34300F1B0C7 /* TalkCell.swift */,
			);
			path = BleChatAdvance;
			sourceTree = "<group>";
		};
		080293C11C17F2DD00D75277 /* BleChatAdvanceTests */ = {
			isa = PBXGroup;
			children = (
				080293C21C17F2DD00D75277 /* BleChatAdvanceTests.swift */,
				080293C41C17F2DD00D75277 /* Info.plist */,
			);
			path = BleChatAdvanceTests;
			sourceTree = "<group>";
		};
		080293CC1C17F2DD00D75277 /* BleChatAdvanceUITests */ = {
			isa = PBXGroup;
			children = (
				080293CD1C17F2DD00D75277 /* BleChatAdvanceUITests.swift */,
				080293CF1C17F2DD00D75277 /* Info.plist */,
			);
			path = BleChatAdvanceUITests;
			sourceTree = "<group>";
		};
/* End PBXGroup section */

/* Begin PBXNativeTarget section */
		080293A91C17F2DD00D75277 /* BleChatAdvance */ = {
			isa = PBXNativeTarget;
			buildConfigurationList = 080293D21C17F2DD00D75277 /* Build configuration list for PBXNativeTarget "BleChatAdvance" */;
			buildPhases = (
				080293A61C17F2DD00D75277 /* Sources */,
				080293A71C17F2DD00D75277 /* Frameworks */,
				080293A81C17F2DD00D75277 /* Resources */,
				08025D011E0B69EB002A1E89 /* Embed Frameworks */,
			);
			buildRules = (
			);
			dependencies = (
			);
			name = BleChatAdvance;
			productName = BleChatAdvance;
			productReference = 080293AA1C17F2DD00D75277 /* BleChatAdvance.app */;
			productType = "com.apple.product-type.application";
		};
		080293BD1C17F2DD00D75277 /* BleChatAdvanceTests */ = {
			isa = PBXNativeTarget;
			buildConfigurationList = 080293D51C17F2DD00D75277 /* Build configuration list for PBXNativeTarget "BleChatAdvanceTests" */;
			buildPhases = (
				080293BA1C17F2DD00D75277 /* Sources */,
				080293BB1C17F2DD00D75277 /* Frameworks */,
				080293BC1C17F2DD00D75277 /* Resources */,
			);
			buildRules = (
			);
			dependencies = (
				080293C01C17F2DD00D75277 /* PBXTargetDependency */,
			);
			name = BleChatAdvanceTests;
			productName = BleChatAdvanceTests;
			productReference = 080293BE1C17F2DD00D75277 /* BleChatAdvanceTests.xctest */;
			productType = "com.apple.product-type.bundle.unit-test";
		};
		080293C81C17F2DD00D75277 /* BleChatAdvanceUITests */ = {
			isa = PBXNativeTarget;
			buildConfigurationList = 080293D81C17F2DD00D75277 /* Build configuration list for PBXNativeTarget "BleChatAdvanceUITests" */;
			buildPhases = (
				080293C51C17F2DD00D75277 /* Sources */,
				080293C61C17F2DD00D75277 /* Frameworks */,
				080293C71C17F2DD00D75277 /* Resources */,
			);
			buildRules = (
			);
			dependencies = (
				080293CB1C17F2DD00D75277 /* PBXTargetDependency */,
			);
			name = BleChatAdvanceUITests;
			productName = BleChatAdvanceUITests;
			productReference = 080293C91C17F2DD00D75277 /* BleChatAdvanceUITests.xctest */;
			productType = "com.apple.product-type.bundle.ui-testing";
		};
/* End PBXNativeTarget section */

/* Begin PBXProject section */
		080293A21C17F2DD00D75277 /* Project object */ = {
			isa = PBXProject;
			attributes = {
				LastSwiftUpdateCheck = 0710;
				LastUpgradeCheck = 0820;
				ORGANIZATIONNAME = "Kenji Nagai";
				TargetAttributes = {
					080293A91C17F2DD00D75277 = {
						CreatedOnToolsVersion = 7.1.1;
						DevelopmentTeam = 7M5S9X69CT;
						LastSwiftMigration = 0820;
					};
					080293BD1C17F2DD00D75277 = {
						CreatedOnToolsVersion = 7.1.1;
						LastSwiftMigration = 0820;
						TestTargetID = 080293A91C17F2DD00D75277;
					};
					080293C81C17F2DD00D75277 = {
						CreatedOnToolsVersion = 7.1.1;
						LastSwiftMigration = 0820;
						TestTargetID = 080293A91C17F2DD00D75277;
					};
				};
			};
			buildConfigurationList = 080293A51C17F2DD00D75277 /* Build configuration list for PBXProject "BleChatAdvance" */;
			compatibilityVersion = "Xcode 3.2";
			developmentRegion = English;
			hasScannedForEncodings = 0;
			knownRegions = (
				en,
				Base,
			);
			mainGroup = 080293A11C17F2DD00D75277;
			productRefGroup = 080293AB1C17F2DD00D75277 /* Products */;
			projectDirPath = "";
			projectRoot = "";
			targets = (
				080293A91C17F2DD00D75277 /* BleChatAdvance */,
				080293BD1C17F2DD00D75277 /* BleChatAdvanceTests */,
				080293C81C17F2DD00D75277 /* BleChatAdvanceUITests */,
			);
		};
/* End PBXProject section */

/* Begin PBXResourcesBuildPhase section */
		080293A81C17F2DD00D75277 /* Resources */ = {
			isa = PBXResourcesBuildPhase;
			buildActionMask = 2147483647;
			files = (
				080293B81C17F2DD00D75277 /* LaunchScreen.storyboard in Resources */,
				080293B51C17F2DD00D75277 /* Assets.xcassets in Resources */,
				080293B31C17F2DD00D75277 /* Main.storyboard in Resources */,
			);
			runOnlyForDeploymentPostprocessing = 0;
		};
		080293BC1C17F2DD00D75277 /* Resources */ = {
			isa = PBXResourcesBuildPhase;
			buildActionMask = 2147483647;
			files = (
			);
			runOnlyForDeploymentPostprocessing = 0;
		};
		080293C71C17F2DD00D75277 /* Resources */ = {
			isa = PBXResourcesBuildPhase;
			buildActionMask = 2147483647;
			files = (
			);
			runOnlyForDeploymentPostprocessing = 0;
		};
/* End PBXResourcesBuildPhase section */

/* Begin PBXSourcesBuildPhase section */
		080293A61C17F2DD00D75277 /* Sources */ = {
			isa = PBXSourcesBuildPhase;
			buildActionMask = 2147483647;
			files = (
				0847D3E81C22A34300F1B0C7 /* TalkCell.swift in Sources */,
				080293B01C17F2DD00D75277 /* ViewController.swift in Sources */,
				080293AE1C17F2DD00D75277 /* AppDelegate.swift in Sources */,
			);
			runOnlyForDeploymentPostprocessing = 0;
		};
		080293BA1C17F2DD00D75277 /* Sources */ = {
			isa = PBXSourcesBuildPhase;
			buildActionMask = 2147483647;
			files = (
				080293C31C17F2DD00D75277 /* BleChatAdvanceTests.swift in Sources */,
			);
			runOnlyForDeploymentPostprocessing = 0;
		};
		080293C51C17F2DD00D75277 /* Sources */ = {
			isa = PBXSourcesBuildPhase;
			buildActionMask = 2147483647;
			files = (
				080293CE1C17F2DD00D75277 /* BleChatAdvanceUITests.swift in Sources */,
			);
			runOnlyForDeploymentPostprocessing = 0;
		};
/* End PBXSourcesBuildPhase section */

/* Begin PBXTargetDependency section */
		080293C01C17F2DD00D75277 /* PBXTargetDependency */ = {
			isa = PBXTargetDependency;
			target = 080293A91C17F2DD00D75277 /* BleChatAdvance */;
			targetProxy = 080293BF1C17F2DD00D75277 /* PBXContainerItemProxy */;
		};
		080293CB1C17F2DD00D75277 /* PBXTargetDependency */ = {
			isa = PBXTargetDependency;
			target = 080293A91C17F2DD00D75277 /* BleChatAdvance */;
			targetProxy = 080293CA1C17F2DD00D75277 /* PBXContainerItemProxy */;
		};
/* End PBXTargetDependency section */

/* Begin PBXVariantGroup section */
		080293B11C17F2DD00D75277 /* Main.storyboard */ = {
			isa = PBXVariantGroup;
			children = (
				080293B21C17F2DD00D75277 /* Base */,
			);
			name = Main.storyboard;
			sourceTree = "<group>";
		};
		080293B61C17F2DD00D75277 /* LaunchScreen.storyboard */ = {
			isa = PBXVariantGroup;
			children = (
				080293B71C17F2DD00D75277 /* Base */,
			);
			name = LaunchScreen.storyboard;
			sourceTree = "<group>";
		};
/* End PBXVariantGroup section */

/* Begin XCBuildConfiguration section */
		080293D01C17F2DD00D75277 /* Debug */ = {
			isa = XCBuildConfiguration;
			buildSettings = {
				ALWAYS_SEARCH_USER_PATHS = NO;
				CLANG_CXX_LANGUAGE_STANDARD = "gnu++0x";
				CLANG_CXX_LIBRARY = "libc++";
				CLANG_ENABLE_MODULES = YES;
				CLANG_ENABLE_OBJC_ARC = YES;
				CLANG_WARN_BOOL_CONVERSION = YES;
				CLANG_WARN_CONSTANT_CONVERSION = YES;
				CLANG_WARN_DIRECT_OBJC_ISA_USAGE = YES_ERROR;
				CLANG_WARN_EMPTY_BODY = YES;
				CLANG_WARN_ENUM_CONVERSION = YES;
				CLANG_WARN_INFINITE_RECURSION = YES;
				CLANG_WARN_INT_CONVERSION = YES;
				CLANG_WARN_OBJC_ROOT_CLASS = YES_ERROR;
				CLANG_WARN_SUSPICIOUS_MOVE = YES;
				CLANG_WARN_UNREACHABLE_CODE = YES;
				CLANG_WARN__DUPLICATE_METHOD_MATCH = YES;
				"CODE_SIGN_IDENTITY[sdk=iphoneos*]" = "iPhone Developer";
				COPY_PHASE_STRIP = NO;
				DEBUG_INFORMATION_FORMAT = dwarf;
				ENABLE_STRICT_OBJC_MSGSEND = YES;
				ENABLE_TESTABILITY = YES;
				GCC_C_LANGUAGE_STANDARD = gnu99;
				GCC_DYNAMIC_NO_PIC = NO;
				GCC_NO_COMMON_BLOCKS = YES;
				GCC_OPTIMIZATION_LEVEL = 0;
				GCC_PREPROCESSOR_DEFINITIONS = (
					"DEBUG=1",
					"$(inherited)",
				);
				GCC_WARN_64_TO_32_BIT_CONVERSION = YES;
				GCC_WARN_ABOUT_RETURN_TYPE = YES_ERROR;
				GCC_WARN_UNDECLARED_SELECTOR = YES;
				GCC_WARN_UNINITIALIZED_AUTOS = YES_AGGRESSIVE;
				GCC_WARN_UNUSED_FUNCTION = YES;
				GCC_WARN_UNUSED_VARIABLE = YES;
				IPHONEOS_DEPLOYMENT_TARGET = 9.3;
				MTL_ENABLE_DEBUG_INFO = YES;
				ONLY_ACTIVE_ARCH = YES;
				SDKROOT = iphoneos;
				SWIFT_OPTIMIZATION_LEVEL = "-Onone";
			};
			name = Debug;
		};
		080293D11C17F2DD00D75277 /* Release */ = {
			isa = XCBuildConfiguration;
			buildSettings = {
				ALWAYS_SEARCH_USER_PATHS = NO;
				CLANG_CXX_LANGUAGE_STANDARD = "gnu++0x";
				CLANG_CXX_LIBRARY = "libc++";
				CLANG_ENABLE_MODULES = YES;
				CLANG_ENABLE_OBJC_ARC = YES;
				CLANG_WARN_BOOL_CONVERSION = YES;
				CLANG_WARN_CONSTANT_CONVERSION = YES;
				CLANG_WARN_DIRECT_OBJC_ISA_USAGE = YES_ERROR;
				CLANG_WARN_EMPTY_BODY = YES;
				CLANG_WARN_ENUM_CONVERSION = YES;
				CLANG_WARN_INFINITE_RECURSION = YES;
				CLANG_WARN_INT_CONVERSION = YES;
				CLANG_WARN_OBJC_ROOT_CLASS = YES_ERROR;
				CLANG_WARN_SUSPICIOUS_MOVE = YES;
				CLANG_WARN_UNREACHABLE_CODE = YES;
				CLANG_WARN__DUPLICATE_METHOD_MATCH = YES;
				"CODE_SIGN_IDENTITY[sdk=iphoneos*]" = "iPhone Developer";
				COPY_PHASE_STRIP = NO;
				DEBUG_INFORMATION_FORMAT = "dwarf-with-dsym";
				ENABLE_NS_ASSERTIONS = NO;
				ENABLE_STRICT_OBJC_MSGSEND = YES;
				GCC_C_LANGUAGE_STANDARD = gnu99;
				GCC_NO_COMMON_BLOCKS = YES;
				GCC_WARN_64_TO_32_BIT_CONVERSION = YES;
				GCC_WARN_ABOUT_RETURN_TYPE = YES_ERROR;
				GCC_WARN_UNDECLARED_SELECTOR = YES;
				GCC_WARN_UNINITIALIZED_AUTOS = YES_AGGRESSIVE;
				GCC_WARN_UNUSED_FUNCTION = YES;
				GCC_WARN_UNUSED_VARIABLE = YES;
				IPHONEOS_DEPLOYMENT_TARGET = 9.3;
				MTL_ENABLE_DEBUG_INFO = NO;
				SDKROOT = iphoneos;
				SWIFT_OPTIMIZATION_LEVEL = "-Owholemodule";
				VALIDATE_PRODUCT = YES;
			};
			name = Release;
		};
		080293D31C17F2DD00D75277 /* Debug */ = {
			isa = XCBuildConfiguration;
			buildSettings = {
				ALWAYS_EMBED_SWIFT_STANDARD_LIBRARIES = YES;
				ASSETCATALOG_COMPILER_APPICON_NAME = AppIcon;
				CODE_SIGN_IDENTITY = "iPhone Developer";
				"CODE_SIGN_IDENTITY[sdk=iphoneos*]" = "iPhone Developer";
				DEVELOPMENT_TEAM = 7M5S9X69CT;
				FRAMEWORK_SEARCH_PATHS = (
					"$(inherited)",
					"$(PROJECT_DIR)",
				);
				INFOPLIST_FILE = BleChatAdvance/Info.plist;
				LD_RUNPATH_SEARCH_PATHS = "$(inherited) @executable_path/Frameworks";
				"OTHER_SWIFT_FLAGS[arch=*]" = "-D DEBUG";
				PRODUCT_BUNDLE_IDENTIFIER = com.kekenzy.BleChatAdvance;
				PRODUCT_NAME = "$(TARGET_NAME)";
				PROVISIONING_PROFILE = "";
				SWIFT_VERSION = 3.0;
			};
			name = Debug;
		};
		080293D41C17F2DD00D75277 /* Release */ = {
			isa = XCBuildConfiguration;
			buildSettings = {
				ALWAYS_EMBED_SWIFT_STANDARD_LIBRARIES = YES;
				ASSETCATALOG_COMPILER_APPICON_NAME = AppIcon;
				CODE_SIGN_IDENTITY = "iPhone Developer";
				"CODE_SIGN_IDENTITY[sdk=iphoneos*]" = "iPhone Developer";
				DEVELOPMENT_TEAM = 7M5S9X69CT;
				FRAMEWORK_SEARCH_PATHS = (
					"$(inherited)",
					"$(PROJECT_DIR)",
				);
				INFOPLIST_FILE = BleChatAdvance/Info.plist;
				LD_RUNPATH_SEARCH_PATHS = "$(inherited) @executable_path/Frameworks";
				PRODUCT_BUNDLE_IDENTIFIER = com.kekenzy.BleChatAdvance;
				PRODUCT_NAME = "$(TARGET_NAME)";
				PROVISIONING_PROFILE = "";
				SWIFT_VERSION = 3.0;
			};
			name = Release;
		};
		080293D61C17F2DD00D75277 /* Debug */ = {
			isa = XCBuildConfiguration;
			buildSettings = {
				BUNDLE_LOADER = "$(TEST_HOST)";
				INFOPLIST_FILE = BleChatAdvanceTests/Info.plist;
				LD_RUNPATH_SEARCH_PATHS = "$(inherited) @executable_path/Frameworks @loader_path/Frameworks";
				PRODUCT_BUNDLE_IDENTIFIER = com.kekenzy.BleChatAdvanceTests;
				PRODUCT_NAME = "$(TARGET_NAME)";
				SWIFT_VERSION = 3.0;
				TEST_HOST = "$(BUILT_PRODUCTS_DIR)/BleChatAdvance.app/BleChatAdvance";
			};
			name = Debug;
		};
		080293D71C17F2DD00D75277 /* Release */ = {
			isa = XCBuildConfiguration;
			buildSettings = {
				BUNDLE_LOADER = "$(TEST_HOST)";
				INFOPLIST_FILE = BleChatAdvanceTests/Info.plist;
				LD_RUNPATH_SEARCH_PATHS = "$(inherited) @executable_path/Frameworks @loader_path/Frameworks";
				PRODUCT_BUNDLE_IDENTIFIER = com.kekenzy.BleChatAdvanceTests;
				PRODUCT_NAME = "$(TARGET_NAME)";
				SWIFT_VERSION = 3.0;
				TEST_HOST = "$(BUILT_PRODUCTS_DIR)/BleChatAdvance.app/BleChatAdvance";
			};
			name = Release;
		};
		080293D91C17F2DD00D75277 /* Debug */ = {
			isa = XCBuildConfiguration;
			buildSettings = {
				INFOPLIST_FILE = BleChatAdvanceUITests/Info.plist;
				LD_RUNPATH_SEARCH_PATHS = "$(inherited) @executable_path/Frameworks @loader_path/Frameworks";
				PRODUCT_BUNDLE_IDENTIFIER = com.kekenzy.BleChatAdvanceUITests;
				PRODUCT_NAME = "$(TARGET_NAME)";
				SWIFT_VERSION = 3.0;
				TEST_TARGET_NAME = BleChatAdvance;
				USES_XCTRUNNER = YES;
			};
			name = Debug;
		};
		080293DA1C17F2DD00D75277 /* Release */ = {
			isa = XCBuildConfiguration;
			buildSettings = {
				INFOPLIST_FILE = BleChatAdvanceUITests/Info.plist;
				LD_RUNPATH_SEARCH_PATHS = "$(inherited) @executable_path/Frameworks @loader_path/Frameworks";
				PRODUCT_BUNDLE_IDENTIFIER = com.kekenzy.BleChatAdvanceUITests;
				PRODUCT_NAME = "$(TARGET_NAME)";
				SWIFT_VERSION = 3.0;
				TEST_TARGET_NAME = BleChatAdvance;
				USES_XCTRUNNER = YES;
			};
			name = Release;
		};
/* End XCBuildConfiguration section */

/* Begin XCConfigurationList section */
		080293A51C17F2DD00D75277 /* Build configuration list for PBXProject "BleChatAdvance" */ = {
			isa = XCConfigurationList;
			buildConfigurations = (
				080293D01C17F2DD00D75277 /* Debug */,
				080293D11C17F2DD00D75277 /* Release */,
			);
			defaultConfigurationIsVisible = 0;
			defaultConfigurationName = Release;
		};
		080293D21C17F2DD00D75277 /* Build configuration list for PBXNativeTarget "BleChatAdvance" */ = {
			isa = XCConfigurationList;
			buildConfigurations = (
				080293D31C17F2DD00D75277 /* Debug */,
				080293D41C17F2DD00D75277 /* Release */,
			);
			defaultConfigurationIsVisible = 0;
			defaultConfigurationName = Release;
		};
		080293D51C17F2DD00D75277 /* Build configuration list for PBXNativeTarget "BleChatAdvanceTests" */ = {
			isa = XCConfigurationList;
			buildConfigurations = (
				080293D61C17F2DD00D75277 /* Debug */,
				080293D71C17F2DD00D75277 /* Release */,
			);
			defaultConfigurationIsVisible = 0;
			defaultConfigurationName = Release;
		};
		080293D81C17F2DD00D75277 /* Build configuration list for PBXNativeTarget "BleChatAdvanceUITests" */ = {
			isa = XCConfigurationList;
			buildConfigurations = (
				080293D91C17F2DD00D75277 /* Debug */,
				080293DA1C17F2DD00D75277 /* Release */,
			);
			defaultConfigurationIsVisible = 0;
			defaultConfigurationName = Release;
		};
/* End XCConfigurationList section */
	};
	rootObject = 080293A21C17F2DD00D75277 /* Project object */;
}
